// !$*UTF8*$!
{
	archiveVersion = 1;
	classes = {
	};
	objectVersion = 48;
	objects = {

/* Begin PBXBuildFile section */
		0CABEA9A1FAAB3A5004997EB /* AppDelegate.swift in Sources */ = {isa = PBXBuildFile; fileRef = 0CABEA991FAAB3A5004997EB /* AppDelegate.swift */; };
		0CABEA9C1FAAB3A5004997EB /* ViewController.swift in Sources */ = {isa = PBXBuildFile; fileRef = 0CABEA9B1FAAB3A5004997EB /* ViewController.swift */; };
		0CABEA9F1FAAB3A5004997EB /* Main.storyboard in Resources */ = {isa = PBXBuildFile; fileRef = 0CABEA9D1FAAB3A5004997EB /* Main.storyboard */; };
		0CABEAA11FAAB3A5004997EB /* Assets.xcassets in Resources */ = {isa = PBXBuildFile; fileRef = 0CABEAA01FAAB3A5004997EB /* Assets.xcassets */; };
		0CABEAA41FAAB3A5004997EB /* LaunchScreen.storyboard in Resources */ = {isa = PBXBuildFile; fileRef = 0CABEAA21FAAB3A5004997EB /* LaunchScreen.storyboard */; };
		0CABEAAF1FAAB3A6004997EB /* iosQuizTests.swift in Sources */ = {isa = PBXBuildFile; fileRef = 0CABEAAE1FAAB3A6004997EB /* iosQuizTests.swift */; };
		0CABEABA1FAAB3A6004997EB /* iosQuizUITests.swift in Sources */ = {isa = PBXBuildFile; fileRef = 0CABEAB91FAAB3A6004997EB /* iosQuizUITests.swift */; };
/* End PBXBuildFile section */

/* Begin PBXContainerItemProxy section */
		0CABEAAB1FAAB3A6004997EB /* PBXContainerItemProxy */ = {
			isa = PBXContainerItemProxy;
			containerPortal = 0CABEA8E1FAAB3A5004997EB /* Project object */;
			proxyType = 1;
			remoteGlobalIDString = 0CABEA951FAAB3A5004997EB;
			remoteInfo = iosQuiz;
		};
		0CABEAB61FAAB3A6004997EB /* PBXContainerItemProxy */ = {
			isa = PBXContainerItemProxy;
			containerPortal = 0CABEA8E1FAAB3A5004997EB /* Project object */;
			proxyType = 1;
			remoteGlobalIDString = 0CABEA951FAAB3A5004997EB;
			remoteInfo = iosQuiz;
		};
/* End PBXContainerItemProxy section */

/* Begin PBXFileReference section */
		0CABEA961FAAB3A5004997EB /* iosQuiz.app */ = {isa = PBXFileReference; explicitFileType = wrapper.application; includeInIndex = 0; path = iosQuiz.app; sourceTree = BUILT_PRODUCTS_DIR; };
		0CABEA991FAAB3A5004997EB /* AppDelegate.swift */ = {isa = PBXFileReference; lastKnownFileType = sourcecode.swift; path = AppDelegate.swift; sourceTree = "<group>"; };
		0CABEA9B1FAAB3A5004997EB /* ViewController.swift */ = {isa = PBXFileReference; lastKnownFileType = sourcecode.swift; path = ViewController.swift; sourceTree = "<group>"; };
		0CABEA9E1FAAB3A5004997EB /* Base */ = {isa = PBXFileReference; lastKnownFileType = file.storyboard; name = Base; path = Base.lproj/Main.storyboard; sourceTree = "<group>"; };
		0CABEAA01FAAB3A5004997EB /* Assets.xcassets */ = {isa = PBXFileReference; lastKnownFileType = folder.assetcatalog; path = Assets.xcassets; sourceTree = "<group>"; };
		0CABEAA31FAAB3A5004997EB /* Base */ = {isa = PBXFileReference; lastKnownFileType = file.storyboard; name = Base; path = Base.lproj/LaunchScreen.storyboard; sourceTree = "<group>"; };
		0CABEAA51FAAB3A5004997EB /* Info.plist */ = {isa = PBXFileReference; lastKnownFileType = text.plist.xml; path = Info.plist; sourceTree = "<group>"; };
		0CABEAAA1FAAB3A6004997EB /* iosQuizTests.xctest */ = {isa = PBXFileReference; explicitFileType = wrapper.cfbundle; includeInIndex = 0; path = iosQuizTests.xctest; sourceTree = BUILT_PRODUCTS_DIR; };
		0CABEAAE1FAAB3A6004997EB /* iosQuizTests.swift */ = {isa = PBXFileReference; lastKnownFileType = sourcecode.swift; path = iosQuizTests.swift; sourceTree = "<group>"; };
		0CABEAB01FAAB3A6004997EB /* Info.plist */ = {isa = PBXFileReference; lastKnownFileType = text.plist.xml; path = Info.plist; sourceTree = "<group>"; };
		0CABEAB51FAAB3A6004997EB /* iosQuizUITests.xctest */ = {isa = PBXFileReference; explicitFileType = wrapper.cfbundle; includeInIndex = 0; path = iosQuizUITests.xctest; sourceTree = BUILT_PRODUCTS_DIR; };
		0CABEAB91FAAB3A6004997EB /* iosQuizUITests.swift */ = {isa = PBXFileReference; lastKnownFileType = sourcecode.swift; path = iosQuizUITests.swift; sourceTree = "<group>"; };
		0CABEABB1FAAB3A6004997EB /* Info.plist */ = {isa = PBXFileReference; lastKnownFileType = text.plist.xml; path = Info.plist; sourceTree = "<group>"; };
/* End PBXFileReference section */

/* Begin PBXFrameworksBuildPhase section */
		0CABEA931FAAB3A5004997EB /* Frameworks */ = {
			isa = PBXFrameworksBuildPhase;
			buildActionMask = 2147483647;
			files = (
			);
			runOnlyForDeploymentPostprocessing = 0;
		};
		0CABEAA71FAAB3A6004997EB /* Frameworks */ = {
			isa = PBXFrameworksBuildPhase;
			buildActionMask = 2147483647;
			files = (
			);
			runOnlyForDeploymentPostprocessing = 0;
		};
		0CABEAB21FAAB3A6004997EB /* Frameworks */ = {
			isa = PBXFrameworksBuildPhase;
			buildActionMask = 2147483647;
			files = (
			);
			runOnlyForDeploymentPostprocessing = 0;
		};
/* End PBXFrameworksBuildPhase section */

/* Begin PBXGroup section */
		0CABEA8D1FAAB3A5004997EB = {
			isa = PBXGroup;
			children = (
				0CABEA981FAAB3A5004997EB /* iosQuiz */,
				0CABEAAD1FAAB3A6004997EB /* iosQuizTests */,
				0CABEAB81FAAB3A6004997EB /* iosQuizUITests */,
				0CABEA971FAAB3A5004997EB /* Products */,
			);
			sourceTree = "<group>";
		};
		0CABEA971FAAB3A5004997EB /* Products */ = {
			isa = PBXGroup;
			children = (
				0CABEA961FAAB3A5004997EB /* iosQuiz.app */,
				0CABEAAA1FAAB3A6004997EB /* iosQuizTests.xctest */,
				0CABEAB51FAAB3A6004997EB /* iosQuizUITests.xctest */,
			);
			name = Products;
			sourceTree = "<group>";
		};
		0CABEA981FAAB3A5004997EB /* iosQuiz */ = {
			isa = PBXGroup;
			children = (
				0CABEA991FAAB3A5004997EB /* AppDelegate.swift */,
				0CABEA9B1FAAB3A5004997EB /* ViewController.swift */,
				0CABEA9D1FAAB3A5004997EB /* Main.storyboard */,
				0CABEAA01FAAB3A5004997EB /* Assets.xcassets */,
				0CABEAA21FAAB3A5004997EB /* LaunchScreen.storyboard */,
				0CABEAA51FAAB3A5004997EB /* Info.plist */,
			);
			path = iosQuiz;
			sourceTree = "<group>";
		};
		0CABEAAD1FAAB3A6004997EB /* iosQuizTests */ = {
			isa = PBXGroup;
			children = (
				0CABEAAE1FAAB3A6004997EB /* iosQuizTests.swift */,
				0CABEAB01FAAB3A6004997EB /* Info.plist */,
			);
			path = iosQuizTests;
			sourceTree = "<group>";
		};
		0CABEAB81FAAB3A6004997EB /* iosQuizUITests */ = {
			isa = PBXGroup;
			children = (
				0CABEAB91FAAB3A6004997EB /* iosQuizUITests.swift */,
				0CABEABB1FAAB3A6004997EB /* Info.plist */,
			);
			path = iosQuizUITests;
			sourceTree = "<group>";
		};
/* End PBXGroup section */

/* Begin PBXNativeTarget section */
		0CABEA951FAAB3A5004997EB /* iosQuiz */ = {
			isa = PBXNativeTarget;
			buildConfigurationList = 0CABEABE1FAAB3A6004997EB /* Build configuration list for PBXNativeTarget "iosQuiz" */;
			buildPhases = (
				0CABEA921FAAB3A5004997EB /* Sources */,
				0CABEA931FAAB3A5004997EB /* Frameworks */,
				0CABEA941FAAB3A5004997EB /* Resources */,
			);
			buildRules = (
			);
			dependencies = (
			);
			name = iosQuiz;
			productName = iosQuiz;
			productReference = 0CABEA961FAAB3A5004997EB /* iosQuiz.app */;
			productType = "com.apple.product-type.application";
		};
		0CABEAA91FAAB3A6004997EB /* iosQuizTests */ = {
			isa = PBXNativeTarget;
			buildConfigurationList = 0CABEAC11FAAB3A6004997EB /* Build configuration list for PBXNativeTarget "iosQuizTests" */;
			buildPhases = (
				0CABEAA61FAAB3A6004997EB /* Sources */,
				0CABEAA71FAAB3A6004997EB /* Frameworks */,
				0CABEAA81FAAB3A6004997EB /* Resources */,
			);
			buildRules = (
			);
			dependencies = (
				0CABEAAC1FAAB3A6004997EB /* PBXTargetDependency */,
			);
			name = iosQuizTests;
			productName = iosQuizTests;
			productReference = 0CABEAAA1FAAB3A6004997EB /* iosQuizTests.xctest */;
			productType = "com.apple.product-type.bundle.unit-test";
		};
		0CABEAB41FAAB3A6004997EB /* iosQuizUITests */ = {
			isa = PBXNativeTarget;
			buildConfigurationList = 0CABEAC41FAAB3A6004997EB /* Build configuration list for PBXNativeTarget "iosQuizUITests" */;
			buildPhases = (
				0CABEAB11FAAB3A6004997EB /* Sources */,
				0CABEAB21FAAB3A6004997EB /* Frameworks */,
				0CABEAB31FAAB3A6004997EB /* Resources */,
			);
			buildRules = (
			);
			dependencies = (
				0CABEAB71FAAB3A6004997EB /* PBXTargetDependency */,
			);
			name = iosQuizUITests;
			productName = iosQuizUITests;
			productReference = 0CABEAB51FAAB3A6004997EB /* iosQuizUITests.xctest */;
			productType = "com.apple.product-type.bundle.ui-testing";
		};
/* End PBXNativeTarget section */

/* Begin PBXProject section */
		0CABEA8E1FAAB3A5004997EB /* Project object */ = {
			isa = PBXProject;
			attributes = {
				LastSwiftUpdateCheck = 0900;
				LastUpgradeCheck = 0900;
				ORGANIZATIONNAME = "Stacey Abbott";
				TargetAttributes = {
					0CABEA951FAAB3A5004997EB = {
						CreatedOnToolsVersion = 9.0.1;
						ProvisioningStyle = Automatic;
					};
					0CABEAA91FAAB3A6004997EB = {
						CreatedOnToolsVersion = 9.0.1;
						ProvisioningStyle = Automatic;
						TestTargetID = 0CABEA951FAAB3A5004997EB;
					};
					0CABEAB41FAAB3A6004997EB = {
						CreatedOnToolsVersion = 9.0.1;
						ProvisioningStyle = Automatic;
						TestTargetID = 0CABEA951FAAB3A5004997EB;
					};
				};
			};
			buildConfigurationList = 0CABEA911FAAB3A5004997EB /* Build configuration list for PBXProject "iosQuiz" */;
			compatibilityVersion = "Xcode 8.0";
			developmentRegion = en;
			hasScannedForEncodings = 0;
			knownRegions = (
				en,
				Base,
			);
			mainGroup = 0CABEA8D1FAAB3A5004997EB;
			productRefGroup = 0CABEA971FAAB3A5004997EB /* Products */;
			projectDirPath = "";
			projectRoot = "";
			targets = (
				0CABEA951FAAB3A5004997EB /* iosQuiz */,
				0CABEAA91FAAB3A6004997EB /* iosQuizTests */,
				0CABEAB41FAAB3A6004997EB /* iosQuizUITests */,
			);
		};
/* End PBXProject section */

/* Begin PBXResourcesBuildPhase section */
		0CABEA941FAAB3A5004997EB /* Resources */ = {
			isa = PBXResourcesBuildPhase;
			buildActionMask = 2147483647;
			files = (
				0CABEAA41FAAB3A5004997EB /* LaunchScreen.storyboard in Resources */,
				0CABEAA11FAAB3A5004997EB /* Assets.xcassets in Resources */,
				0CABEA9F1FAAB3A5004997EB /* Main.storyboard in Resources */,
			);
			runOnlyForDeploymentPostprocessing = 0;
		};
		0CABEAA81FAAB3A6004997EB /* Resources */ = {
			isa = PBXResourcesBuildPhase;
			buildActionMask = 2147483647;
			files = (
			);
			runOnlyForDeploymentPostprocessing = 0;
		};
		0CABEAB31FAAB3A6004997EB /* Resources */ = {
			isa = PBXResourcesBuildPhase;
			buildActionMask = 2147483647;
			files = (
			);
			runOnlyForDeploymentPostprocessing = 0;
		};
/* End PBXResourcesBuildPhase section */

/* Begin PBXSourcesBuildPhase section */
		0CABEA921FAAB3A5004997EB /* Sources */ = {
			isa = PBXSourcesBuildPhase;
			buildActionMask = 2147483647;
			files = (
				0CABEA9C1FAAB3A5004997EB /* ViewController.swift in Sources */,
				0CABEA9A1FAAB3A5004997EB /* AppDelegate.swift in Sources */,
			);
			runOnlyForDeploymentPostprocessing = 0;
		};
		0CABEAA61FAAB3A6004997EB /* Sources */ = {
			isa = PBXSourcesBuildPhase;
			buildActionMask = 2147483647;
			files = (
				0CABEAAF1FAAB3A6004997EB /* iosQuizTests.swift in Sources */,
			);
			runOnlyForDeploymentPostprocessing = 0;
		};
		0CABEAB11FAAB3A6004997EB /* Sources */ = {
			isa = PBXSourcesBuildPhase;
			buildActionMask = 2147483647;
			files = (
				0CABEABA1FAAB3A6004997EB /* iosQuizUITests.swift in Sources */,
			);
			runOnlyForDeploymentPostprocessing = 0;
		};
/* End PBXSourcesBuildPhase section */

/* Begin PBXTargetDependency section */
		0CABEAAC1FAAB3A6004997EB /* PBXTargetDependency */ = {
			isa = PBXTargetDependency;
			target = 0CABEA951FAAB3A5004997EB /* iosQuiz */;
			targetProxy = 0CABEAAB1FAAB3A6004997EB /* PBXContainerItemProxy */;
		};
		0CABEAB71FAAB3A6004997EB /* PBXTargetDependency */ = {
			isa = PBXTargetDependency;
			target = 0CABEA951FAAB3A5004997EB /* iosQuiz */;
			targetProxy = 0CABEAB61FAAB3A6004997EB /* PBXContainerItemProxy */;
		};
/* End PBXTargetDependency section */

/* Begin PBXVariantGroup section */
		0CABEA9D1FAAB3A5004997EB /* Main.storyboard */ = {
			isa = PBXVariantGroup;
			children = (
				0CABEA9E1FAAB3A5004997EB /* Base */,
			);
			name = Main.storyboard;
			sourceTree = "<group>";
		};
		0CABEAA21FAAB3A5004997EB /* LaunchScreen.storyboard */ = {
			isa = PBXVariantGroup;
			children = (
				0CABEAA31FAAB3A5004997EB /* Base */,
			);
			name = LaunchScreen.storyboard;
			sourceTree = "<group>";
		};
/* End PBXVariantGroup section */

/* Begin XCBuildConfiguration section */
		0CABEABC1FAAB3A6004997EB /* Debug */ = {
			isa = XCBuildConfiguration;
			buildSettings = {
				ALWAYS_SEARCH_USER_PATHS = NO;
				CLANG_ANALYZER_NONNULL = YES;
				CLANG_ANALYZER_NUMBER_OBJECT_CONVERSION = YES_AGGRESSIVE;
				CLANG_CXX_LANGUAGE_STANDARD = "gnu++14";
				CLANG_CXX_LIBRARY = "libc++";
				CLANG_ENABLE_MODULES = YES;
				CLANG_ENABLE_OBJC_ARC = YES;
				CLANG_WARN_BLOCK_CAPTURE_AUTORELEASING = YES;
				CLANG_WARN_BOOL_CONVERSION = YES;
				CLANG_WARN_COMMA = YES;
				CLANG_WARN_CONSTANT_CONVERSION = YES;
				CLANG_WARN_DIRECT_OBJC_ISA_USAGE = YES_ERROR;
				CLANG_WARN_DOCUMENTATION_COMMENTS = YES;
				CLANG_WARN_EMPTY_BODY = YES;
				CLANG_WARN_ENUM_CONVERSION = YES;
				CLANG_WARN_INFINITE_RECURSION = YES;
				CLANG_WARN_INT_CONVERSION = YES;
				CLANG_WARN_NON_LITERAL_NULL_CONVERSION = YES;
				CLANG_WARN_OBJC_LITERAL_CONVERSION = YES;
				CLANG_WARN_OBJC_ROOT_CLASS = YES_ERROR;
				CLANG_WARN_RANGE_LOOP_ANALYSIS = YES;
				CLANG_WARN_STRICT_PROTOTYPES = YES;
				CLANG_WARN_SUSPICIOUS_MOVE = YES;
				CLANG_WARN_UNGUARDED_AVAILABILITY = YES_AGGRESSIVE;
				CLANG_WARN_UNREACHABLE_CODE = YES;
				CLANG_WARN__DUPLICATE_METHOD_MATCH = YES;
				CODE_SIGN_IDENTITY = "iPhone Developer";
				COPY_PHASE_STRIP = NO;
				DEBUG_INFORMATION_FORMAT = dwarf;
				ENABLE_STRICT_OBJC_MSGSEND = YES;
				ENABLE_TESTABILITY = YES;
				GCC_C_LANGUAGE_STANDARD = gnu11;
				GCC_DYNAMIC_NO_PIC = NO;
				GCC_NO_COMMON_BLOCKS = YES;
				GCC_OPTIMIZATION_LEVEL = 0;
				GCC_PREPROCESSOR_DEFINITIONS = (
					"DEBUG=1",
					"$(inherited)",
				);
				GCC_WARN_64_TO_32_BIT_CONVERSION = YES;
				GCC_WARN_ABOUT_RETURN_TYPE = YES_ERROR;
				GCC_WARN_UNDECLARED_SELECTOR = YES;
				GCC_WARN_UNINITIALIZED_AUTOS = YES_AGGRESSIVE;
				GCC_WARN_UNUSED_FUNCTION = YES;
				GCC_WARN_UNUSED_VARIABLE = YES;
				IPHONEOS_DEPLOYMENT_TARGET = 11.0;
				MTL_ENABLE_DEBUG_INFO = YES;
				ONLY_ACTIVE_ARCH = YES;
				SDKROOT = iphoneos;
				SWIFT_ACTIVE_COMPILATION_CONDITIONS = DEBUG;
				SWIFT_OPTIMIZATION_LEVEL = "-Onone";
			};
			name = Debug;
		};
		0CABEABD1FAAB3A6004997EB /* Release */ = {
			isa = XCBuildConfiguration;
			buildSettings = {
				ALWAYS_SEARCH_USER_PATHS = NO;
				CLANG_ANALYZER_NONNULL = YES;
				CLANG_ANALYZER_NUMBER_OBJECT_CONVERSION = YES_AGGRESSIVE;
				CLANG_CXX_LANGUAGE_STANDARD = "gnu++14";
				CLANG_CXX_LIBRARY = "libc++";
				CLANG_ENABLE_MODULES = YES;
				CLANG_ENABLE_OBJC_ARC = YES;
				CLANG_WARN_BLOCK_CAPTURE_AUTORELEASING = YES;
				CLANG_WARN_BOOL_CONVERSION = YES;
				CLANG_WARN_COMMA = YES;
				CLANG_WARN_CONSTANT_CONVERSION = YES;
				CLANG_WARN_DIRECT_OBJC_ISA_USAGE = YES_ERROR;
				CLANG_WARN_DOCUMENTATION_COMMENTS = YES;
				CLANG_WARN_EMPTY_BODY = YES;
				CLANG_WARN_ENUM_CONVERSION = YES;
				CLANG_WARN_INFINITE_RECURSION = YES;
				CLANG_WARN_INT_CONVERSION = YES;
				CLANG_WARN_NON_LITERAL_NULL_CONVERSION = YES;
				CLANG_WARN_OBJC_LITERAL_CONVERSION = YES;
				CLANG_WARN_OBJC_ROOT_CLASS = YES_ERROR;
				CLANG_WARN_RANGE_LOOP_ANALYSIS = YES;
				CLANG_WARN_STRICT_PROTOTYPES = YES;
				CLANG_WARN_SUSPICIOUS_MOVE = YES;
				CLANG_WARN_UNGUARDED_AVAILABILITY = YES_AGGRESSIVE;
				CLANG_WARN_UNREACHABLE_CODE = YES;
				CLANG_WARN__DUPLICATE_METHOD_MATCH = YES;
				CODE_SIGN_IDENTITY = "iPhone Developer";
				COPY_PHASE_STRIP = NO;
				DEBUG_INFORMATION_FORMAT = "dwarf-with-dsym";
				ENABLE_NS_ASSERTIONS = NO;
				ENABLE_STRICT_OBJC_MSGSEND = YES;
				GCC_C_LANGUAGE_STANDARD = gnu11;
				GCC_NO_COMMON_BLOCKS = YES;
				GCC_WARN_64_TO_32_BIT_CONVERSION = YES;
				GCC_WARN_ABOUT_RETURN_TYPE = YES_ERROR;
				GCC_WARN_UNDECLARED_SELECTOR = YES;
				GCC_WARN_UNINITIALIZED_AUTOS = YES_AGGRESSIVE;
				GCC_WARN_UNUSED_FUNCTION = YES;
				GCC_WARN_UNUSED_VARIABLE = YES;
				IPHONEOS_DEPLOYMENT_TARGET = 11.0;
				MTL_ENABLE_DEBUG_INFO = NO;
				SDKROOT = iphoneos;
				SWIFT_OPTIMIZATION_LEVEL = "-Owholemodule";
				VALIDATE_PRODUCT = YES;
			};
			name = Release;
		};
		0CABEABF1FAAB3A6004997EB /* Debug */ = {
			isa = XCBuildConfiguration;
			buildSettings = {
				ASSETCATALOG_COMPILER_APPICON_NAME = AppIcon;
				CODE_SIGN_STYLE = Automatic;
				INFOPLIST_FILE = iosQuiz/Info.plist;
				LD_RUNPATH_SEARCH_PATHS = "$(inherited) @executable_path/Frameworks";
				PRODUCT_BUNDLE_IDENTIFIER = com.codingdojo.iosQuiz;
				PRODUCT_NAME = "$(TARGET_NAME)";
				SWIFT_VERSION = 4.0;
				TARGETED_DEVICE_FAMILY = "1,2";
			};
			name = Debug;
		};
		0CABEAC01FAAB3A6004997EB /* Release */ = {
			isa = XCBuildConfiguration;
			buildSettings = {
				ASSETCATALOG_COMPILER_APPICON_NAME = AppIcon;
				CODE_SIGN_STYLE = Automatic;
				INFOPLIST_FILE = iosQuiz/Info.plist;
				LD_RUNPATH_SEARCH_PATHS = "$(inherited) @executable_path/Frameworks";
				PRODUCT_BUNDLE_IDENTIFIER = com.codingdojo.iosQuiz;
				PRODUCT_NAME = "$(TARGET_NAME)";
				SWIFT_VERSION = 4.0;
				TARGETED_DEVICE_FAMILY = "1,2";
			};
			name = Release;
		};
		0CABEAC21FAAB3A6004997EB /* Debug */ = {
			isa = XCBuildConfiguration;
			buildSettings = {
				ALWAYS_EMBED_SWIFT_STANDARD_LIBRARIES = YES;
				BUNDLE_LOADER = "$(TEST_HOST)";
				CODE_SIGN_STYLE = Automatic;
				INFOPLIST_FILE = iosQuizTests/Info.plist;
				LD_RUNPATH_SEARCH_PATHS = "$(inherited) @executable_path/Frameworks @loader_path/Frameworks";
				PRODUCT_BUNDLE_IDENTIFIER = com.codingdojo.iosQuizTests;
				PRODUCT_NAME = "$(TARGET_NAME)";
				SWIFT_VERSION = 4.0;
				TARGETED_DEVICE_FAMILY = "1,2";
				TEST_HOST = "$(BUILT_PRODUCTS_DIR)/iosQuiz.app/iosQuiz";
			};
			name = Debug;
		};
		0CABEAC31FAAB3A6004997EB /* Release */ = {
			isa = XCBuildConfiguration;
			buildSettings = {
				ALWAYS_EMBED_SWIFT_STANDARD_LIBRARIES = YES;
				BUNDLE_LOADER = "$(TEST_HOST)";
				CODE_SIGN_STYLE = Automatic;
				INFOPLIST_FILE = iosQuizTests/Info.plist;
				LD_RUNPATH_SEARCH_PATHS = "$(inherited) @executable_path/Frameworks @loader_path/Frameworks";
				PRODUCT_BUNDLE_IDENTIFIER = com.codingdojo.iosQuizTests;
				PRODUCT_NAME = "$(TARGET_NAME)";
				SWIFT_VERSION = 4.0;
				TARGETED_DEVICE_FAMILY = "1,2";
				TEST_HOST = "$(BUILT_PRODUCTS_DIR)/iosQuiz.app/iosQuiz";
			};
			name = Release;
		};
		0CABEAC51FAAB3A6004997EB /* Debug */ = {
			isa = XCBuildConfiguration;
			buildSettings = {
				ALWAYS_EMBED_SWIFT_STANDARD_LIBRARIES = YES;
				CODE_SIGN_STYLE = Automatic;
				INFOPLIST_FILE = iosQuizUITests/Info.plist;
				LD_RUNPATH_SEARCH_PATHS = "$(inherited) @executable_path/Frameworks @loader_path/Frameworks";
				PRODUCT_BUNDLE_IDENTIFIER = com.codingdojo.iosQuizUITests;
				PRODUCT_NAME = "$(TARGET_NAME)";
				SWIFT_VERSION = 4.0;
				TARGETED_DEVICE_FAMILY = "1,2";
				TEST_TARGET_NAME = iosQuiz;
			};
			name = Debug;
		};
		0CABEAC61FAAB3A6004997EB /* Release */ = {
			isa = XCBuildConfiguration;
			buildSettings = {
				ALWAYS_EMBED_SWIFT_STANDARD_LIBRARIES = YES;
				CODE_SIGN_STYLE = Automatic;
				INFOPLIST_FILE = iosQuizUITests/Info.plist;
				LD_RUNPATH_SEARCH_PATHS = "$(inherited) @executable_path/Frameworks @loader_path/Frameworks";
				PRODUCT_BUNDLE_IDENTIFIER = com.codingdojo.iosQuizUITests;
				PRODUCT_NAME = "$(TARGET_NAME)";
				SWIFT_VERSION = 4.0;
				TARGETED_DEVICE_FAMILY = "1,2";
				TEST_TARGET_NAME = iosQuiz;
			};
			name = Release;
		};
/* End XCBuildConfiguration section */

/* Begin XCConfigurationList section */
		0CABEA911FAAB3A5004997EB /* Build configuration list for PBXProject "iosQuiz" */ = {
			isa = XCConfigurationList;
			buildConfigurations = (
				0CABEABC1FAAB3A6004997EB /* Debug */,
				0CABEABD1FAAB3A6004997EB /* Release */,
			);
			defaultConfigurationIsVisible = 0;
			defaultConfigurationName = Release;
		};
		0CABEABE1FAAB3A6004997EB /* Build configuration list for PBXNativeTarget "iosQuiz" */ = {
			isa = XCConfigurationList;
			buildConfigurations = (
				0CABEABF1FAAB3A6004997EB /* Debug */,
				0CABEAC01FAAB3A6004997EB /* Release */,
			);
			defaultConfigurationIsVisible = 0;
			defaultConfigurationName = Release;
		};
		0CABEAC11FAAB3A6004997EB /* Build configuration list for PBXNativeTarget "iosQuizTests" */ = {
			isa = XCConfigurationList;
			buildConfigurations = (
				0CABEAC21FAAB3A6004997EB /* Debug */,
				0CABEAC31FAAB3A6004997EB /* Release */,
			);
			defaultConfigurationIsVisible = 0;
			defaultConfigurationName = Release;
		};
		0CABEAC41FAAB3A6004997EB /* Build configuration list for PBXNativeTarget "iosQuizUITests" */ = {
			isa = XCConfigurationList;
			buildConfigurations = (
				0CABEAC51FAAB3A6004997EB /* Debug */,
				0CABEAC61FAAB3A6004997EB /* Release */,
			);
			defaultConfigurationIsVisible = 0;
			defaultConfigurationName = Release;
		};
/* End XCConfigurationList section */
	};
	rootObject = 0CABEA8E1FAAB3A5004997EB /* Project object */;
}
